// !$*UTF8*$!
{
	archiveVersion = 1;
	classes = {
	};
	objectVersion = 55;
	objects = {

/* Begin PBXBuildFile section */
		2E34B0B5EBC446A3CEED8746 /* Pods_RxSwift_MVVM_TableViewSample.framework in Frameworks */ = {isa = PBXBuildFile; fileRef = 6DDEC55BB1674886B5FAD6D6 /* Pods_RxSwift_MVVM_TableViewSample.framework */; };
		B40855C427D5CE69003871A2 /* AppDelegate.swift in Sources */ = {isa = PBXBuildFile; fileRef = B40855C327D5CE69003871A2 /* AppDelegate.swift */; };
		B40855C627D5CE69003871A2 /* SceneDelegate.swift in Sources */ = {isa = PBXBuildFile; fileRef = B40855C527D5CE69003871A2 /* SceneDelegate.swift */; };
		B40855C827D5CE69003871A2 /* ViewController.swift in Sources */ = {isa = PBXBuildFile; fileRef = B40855C727D5CE69003871A2 /* ViewController.swift */; };
		B40855CB27D5CE69003871A2 /* Main.storyboard in Resources */ = {isa = PBXBuildFile; fileRef = B40855C927D5CE69003871A2 /* Main.storyboard */; };
		B40855CD27D5CE6D003871A2 /* Assets.xcassets in Resources */ = {isa = PBXBuildFile; fileRef = B40855CC27D5CE6D003871A2 /* Assets.xcassets */; };
		B40855D027D5CE6D003871A2 /* LaunchScreen.storyboard in Resources */ = {isa = PBXBuildFile; fileRef = B40855CE27D5CE6D003871A2 /* LaunchScreen.storyboard */; };
		B40855DB27D5CE6E003871A2 /* RxSwift_MVVM_TableViewSampleTests.swift in Sources */ = {isa = PBXBuildFile; fileRef = B40855DA27D5CE6E003871A2 /* RxSwift_MVVM_TableViewSampleTests.swift */; };
		B40855E527D5CE6E003871A2 /* RxSwift_MVVM_TableViewSampleUITests.swift in Sources */ = {isa = PBXBuildFile; fileRef = B40855E427D5CE6E003871A2 /* RxSwift_MVVM_TableViewSampleUITests.swift */; };
		B40855E727D5CE6E003871A2 /* RxSwift_MVVM_TableViewSampleUITestsLaunchTests.swift in Sources */ = {isa = PBXBuildFile; fileRef = B40855E627D5CE6E003871A2 /* RxSwift_MVVM_TableViewSampleUITestsLaunchTests.swift */; };
		B40855F727D5D02D003871A2 /* QiitaArticleModel.swift in Sources */ = {isa = PBXBuildFile; fileRef = B40855F627D5D02D003871A2 /* QiitaArticleModel.swift */; };
		B40855F927D5D056003871A2 /* QiitaArticleViewModel.swift in Sources */ = {isa = PBXBuildFile; fileRef = B40855F827D5D056003871A2 /* QiitaArticleViewModel.swift */; };
		B40855FB27D5D0E6003871A2 /* QiitaArticleCell.swift in Sources */ = {isa = PBXBuildFile; fileRef = B40855FA27D5D0E6003871A2 /* QiitaArticleCell.swift */; };
		B40855FD27D5D125003871A2 /* QiitaArticleViewController.swift in Sources */ = {isa = PBXBuildFile; fileRef = B40855FC27D5D125003871A2 /* QiitaArticleViewController.swift */; };
		B408560127D5D1A0003871A2 /* QiitaArticleCell.xib in Resources */ = {isa = PBXBuildFile; fileRef = B408560027D5D1A0003871A2 /* QiitaArticleCell.xib */; };
		B8B6AAE6BAF253C755550AB6 /* Pods_RxSwift_MVVM_TableViewSample_RxSwift_MVVM_TableViewSampleUITests.framework in Frameworks */ = {isa = PBXBuildFile; fileRef = BE888183731FAB73F0BCBA1A /* Pods_RxSwift_MVVM_TableViewSample_RxSwift_MVVM_TableViewSampleUITests.framework */; };
		F48A8945A45A566B561C40A5 /* Pods_RxSwift_MVVM_TableViewSampleTests.framework in Frameworks */ = {isa = PBXBuildFile; fileRef = 0AB045A1FB3AD90D27C105CC /* Pods_RxSwift_MVVM_TableViewSampleTests.framework */; };
/* End PBXBuildFile section */

/* Begin PBXContainerItemProxy section */
		B40855D727D5CE6E003871A2 /* PBXContainerItemProxy */ = {
			isa = PBXContainerItemProxy;
			containerPortal = B40855B827D5CE68003871A2 /* Project object */;
			proxyType = 1;
			remoteGlobalIDString = B40855BF27D5CE69003871A2;
			remoteInfo = "RxSwift-MVVM-TableViewSample";
		};
		B40855E127D5CE6E003871A2 /* PBXContainerItemProxy */ = {
			isa = PBXContainerItemProxy;
			containerPortal = B40855B827D5CE68003871A2 /* Project object */;
			proxyType = 1;
			remoteGlobalIDString = B40855BF27D5CE69003871A2;
			remoteInfo = "RxSwift-MVVM-TableViewSample";
		};
/* End PBXContainerItemProxy section */

/* Begin PBXFileReference section */
		0AB045A1FB3AD90D27C105CC /* Pods_RxSwift_MVVM_TableViewSampleTests.framework */ = {isa = PBXFileReference; explicitFileType = wrapper.framework; includeInIndex = 0; path = Pods_RxSwift_MVVM_TableViewSampleTests.framework; sourceTree = BUILT_PRODUCTS_DIR; };
		2412486E55651200B687406F /* Pods-RxSwift-MVVM-TableViewSample-RxSwift-MVVM-TableViewSampleUITests.release.xcconfig */ = {isa = PBXFileReference; includeInIndex = 1; lastKnownFileType = text.xcconfig; name = "Pods-RxSwift-MVVM-TableViewSample-RxSwift-MVVM-TableViewSampleUITests.release.xcconfig"; path = "Target Support Files/Pods-RxSwift-MVVM-TableViewSample-RxSwift-MVVM-TableViewSampleUITests/Pods-RxSwift-MVVM-TableViewSample-RxSwift-MVVM-TableViewSampleUITests.release.xcconfig"; sourceTree = "<group>"; };
		2F6B954375673A4EF7B8D55C /* Pods-RxSwift-MVVM-TableViewSampleTests.release.xcconfig */ = {isa = PBXFileReference; includeInIndex = 1; lastKnownFileType = text.xcconfig; name = "Pods-RxSwift-MVVM-TableViewSampleTests.release.xcconfig"; path = "Target Support Files/Pods-RxSwift-MVVM-TableViewSampleTests/Pods-RxSwift-MVVM-TableViewSampleTests.release.xcconfig"; sourceTree = "<group>"; };
		5031D8574B79E8CA64E962B2 /* Pods-RxSwift-MVVM-TableViewSample.release.xcconfig */ = {isa = PBXFileReference; includeInIndex = 1; lastKnownFileType = text.xcconfig; name = "Pods-RxSwift-MVVM-TableViewSample.release.xcconfig"; path = "Target Support Files/Pods-RxSwift-MVVM-TableViewSample/Pods-RxSwift-MVVM-TableViewSample.release.xcconfig"; sourceTree = "<group>"; };
		6DDEC55BB1674886B5FAD6D6 /* Pods_RxSwift_MVVM_TableViewSample.framework */ = {isa = PBXFileReference; explicitFileType = wrapper.framework; includeInIndex = 0; path = Pods_RxSwift_MVVM_TableViewSample.framework; sourceTree = BUILT_PRODUCTS_DIR; };
		98BE01C19892C65432FD6E2F /* Pods-RxSwift-MVVM-TableViewSample-RxSwift-MVVM-TableViewSampleUITests.debug.xcconfig */ = {isa = PBXFileReference; includeInIndex = 1; lastKnownFileType = text.xcconfig; name = "Pods-RxSwift-MVVM-TableViewSample-RxSwift-MVVM-TableViewSampleUITests.debug.xcconfig"; path = "Target Support Files/Pods-RxSwift-MVVM-TableViewSample-RxSwift-MVVM-TableViewSampleUITests/Pods-RxSwift-MVVM-TableViewSample-RxSwift-MVVM-TableViewSampleUITests.debug.xcconfig"; sourceTree = "<group>"; };
		B40855C027D5CE69003871A2 /* RxSwift-MVVM-TableViewSample.app */ = {isa = PBXFileReference; explicitFileType = wrapper.application; includeInIndex = 0; path = "RxSwift-MVVM-TableViewSample.app"; sourceTree = BUILT_PRODUCTS_DIR; };
		B40855C327D5CE69003871A2 /* AppDelegate.swift */ = {isa = PBXFileReference; lastKnownFileType = sourcecode.swift; path = AppDelegate.swift; sourceTree = "<group>"; };
		B40855C527D5CE69003871A2 /* SceneDelegate.swift */ = {isa = PBXFileReference; lastKnownFileType = sourcecode.swift; path = SceneDelegate.swift; sourceTree = "<group>"; };
		B40855C727D5CE69003871A2 /* ViewController.swift */ = {isa = PBXFileReference; lastKnownFileType = sourcecode.swift; path = ViewController.swift; sourceTree = "<group>"; };
		B40855CA27D5CE69003871A2 /* Base */ = {isa = PBXFileReference; lastKnownFileType = file.storyboard; name = Base; path = Base.lproj/Main.storyboard; sourceTree = "<group>"; };
		B40855CC27D5CE6D003871A2 /* Assets.xcassets */ = {isa = PBXFileReference; lastKnownFileType = folder.assetcatalog; path = Assets.xcassets; sourceTree = "<group>"; };
		B40855CF27D5CE6D003871A2 /* Base */ = {isa = PBXFileReference; lastKnownFileType = file.storyboard; name = Base; path = Base.lproj/LaunchScreen.storyboard; sourceTree = "<group>"; };
		B40855D127D5CE6D003871A2 /* Info.plist */ = {isa = PBXFileReference; lastKnownFileType = text.plist.xml; path = Info.plist; sourceTree = "<group>"; };
		B40855D627D5CE6E003871A2 /* RxSwift-MVVM-TableViewSampleTests.xctest */ = {isa = PBXFileReference; explicitFileType = wrapper.cfbundle; includeInIndex = 0; path = "RxSwift-MVVM-TableViewSampleTests.xctest"; sourceTree = BUILT_PRODUCTS_DIR; };
		B40855DA27D5CE6E003871A2 /* RxSwift_MVVM_TableViewSampleTests.swift */ = {isa = PBXFileReference; lastKnownFileType = sourcecode.swift; path = RxSwift_MVVM_TableViewSampleTests.swift; sourceTree = "<group>"; };
		B40855E027D5CE6E003871A2 /* RxSwift-MVVM-TableViewSampleUITests.xctest */ = {isa = PBXFileReference; explicitFileType = wrapper.cfbundle; includeInIndex = 0; path = "RxSwift-MVVM-TableViewSampleUITests.xctest"; sourceTree = BUILT_PRODUCTS_DIR; };
		B40855E427D5CE6E003871A2 /* RxSwift_MVVM_TableViewSampleUITests.swift */ = {isa = PBXFileReference; lastKnownFileType = sourcecode.swift; path = RxSwift_MVVM_TableViewSampleUITests.swift; sourceTree = "<group>"; };
		B40855E627D5CE6E003871A2 /* RxSwift_MVVM_TableViewSampleUITestsLaunchTests.swift */ = {isa = PBXFileReference; lastKnownFileType = sourcecode.swift; path = RxSwift_MVVM_TableViewSampleUITestsLaunchTests.swift; sourceTree = "<group>"; };
		B40855F627D5D02D003871A2 /* QiitaArticleModel.swift */ = {isa = PBXFileReference; lastKnownFileType = sourcecode.swift; path = QiitaArticleModel.swift; sourceTree = "<group>"; };
		B40855F827D5D056003871A2 /* QiitaArticleViewModel.swift */ = {isa = PBXFileReference; lastKnownFileType = sourcecode.swift; path = QiitaArticleViewModel.swift; sourceTree = "<group>"; };
		B40855FA27D5D0E6003871A2 /* QiitaArticleCell.swift */ = {isa = PBXFileReference; lastKnownFileType = sourcecode.swift; path = QiitaArticleCell.swift; sourceTree = "<group>"; };
		B40855FC27D5D125003871A2 /* QiitaArticleViewController.swift */ = {isa = PBXFileReference; lastKnownFileType = sourcecode.swift; path = QiitaArticleViewController.swift; sourceTree = "<group>"; };
		B408560027D5D1A0003871A2 /* QiitaArticleCell.xib */ = {isa = PBXFileReference; lastKnownFileType = file.xib; path = QiitaArticleCell.xib; sourceTree = "<group>"; };
		BE888183731FAB73F0BCBA1A /* Pods_RxSwift_MVVM_TableViewSample_RxSwift_MVVM_TableViewSampleUITests.framework */ = {isa = PBXFileReference; explicitFileType = wrapper.framework; includeInIndex = 0; path = Pods_RxSwift_MVVM_TableViewSample_RxSwift_MVVM_TableViewSampleUITests.framework; sourceTree = BUILT_PRODUCTS_DIR; };
		E7B0638AF02BAE9697B2B12A /* Pods-RxSwift-MVVM-TableViewSample.debug.xcconfig */ = {isa = PBXFileReference; includeInIndex = 1; lastKnownFileType = text.xcconfig; name = "Pods-RxSwift-MVVM-TableViewSample.debug.xcconfig"; path = "Target Support Files/Pods-RxSwift-MVVM-TableViewSample/Pods-RxSwift-MVVM-TableViewSample.debug.xcconfig"; sourceTree = "<group>"; };
		F384782E64890B1DEC53A5A0 /* Pods-RxSwift-MVVM-TableViewSampleTests.debug.xcconfig */ = {isa = PBXFileReference; includeInIndex = 1; lastKnownFileType = text.xcconfig; name = "Pods-RxSwift-MVVM-TableViewSampleTests.debug.xcconfig"; path = "Target Support Files/Pods-RxSwift-MVVM-TableViewSampleTests/Pods-RxSwift-MVVM-TableViewSampleTests.debug.xcconfig"; sourceTree = "<group>"; };
/* End PBXFileReference section */

/* Begin PBXFrameworksBuildPhase section */
		B40855BD27D5CE69003871A2 /* Frameworks */ = {
			isa = PBXFrameworksBuildPhase;
			buildActionMask = 2147483647;
			files = (
				2E34B0B5EBC446A3CEED8746 /* Pods_RxSwift_MVVM_TableViewSample.framework in Frameworks */,
			);
			runOnlyForDeploymentPostprocessing = 0;
		};
		B40855D327D5CE6E003871A2 /* Frameworks */ = {
			isa = PBXFrameworksBuildPhase;
			buildActionMask = 2147483647;
			files = (
				F48A8945A45A566B561C40A5 /* Pods_RxSwift_MVVM_TableViewSampleTests.framework in Frameworks */,
			);
			runOnlyForDeploymentPostprocessing = 0;
		};
		B40855DD27D5CE6E003871A2 /* Frameworks */ = {
			isa = PBXFrameworksBuildPhase;
			buildActionMask = 2147483647;
			files = (
				B8B6AAE6BAF253C755550AB6 /* Pods_RxSwift_MVVM_TableViewSample_RxSwift_MVVM_TableViewSampleUITests.framework in Frameworks */,
			);
			runOnlyForDeploymentPostprocessing = 0;
		};
/* End PBXFrameworksBuildPhase section */

/* Begin PBXGroup section */
		3CA2BED130B49920328D58BF /* Pods */ = {
			isa = PBXGroup;
			children = (
				E7B0638AF02BAE9697B2B12A /* Pods-RxSwift-MVVM-TableViewSample.debug.xcconfig */,
				5031D8574B79E8CA64E962B2 /* Pods-RxSwift-MVVM-TableViewSample.release.xcconfig */,
				98BE01C19892C65432FD6E2F /* Pods-RxSwift-MVVM-TableViewSample-RxSwift-MVVM-TableViewSampleUITests.debug.xcconfig */,
				2412486E55651200B687406F /* Pods-RxSwift-MVVM-TableViewSample-RxSwift-MVVM-TableViewSampleUITests.release.xcconfig */,
				F384782E64890B1DEC53A5A0 /* Pods-RxSwift-MVVM-TableViewSampleTests.debug.xcconfig */,
				2F6B954375673A4EF7B8D55C /* Pods-RxSwift-MVVM-TableViewSampleTests.release.xcconfig */,
			);
			path = Pods;
			sourceTree = "<group>";
		};
		B40855B727D5CE68003871A2 = {
			isa = PBXGroup;
			children = (
				B40855C227D5CE69003871A2 /* RxSwift-MVVM-TableViewSample */,
				B40855D927D5CE6E003871A2 /* RxSwift-MVVM-TableViewSampleTests */,
				B40855E327D5CE6E003871A2 /* RxSwift-MVVM-TableViewSampleUITests */,
				B40855C127D5CE69003871A2 /* Products */,
				3CA2BED130B49920328D58BF /* Pods */,
				E4FCF2AB7A937E7CDBFC1742 /* Frameworks */,
			);
			sourceTree = "<group>";
		};
		B40855C127D5CE69003871A2 /* Products */ = {
			isa = PBXGroup;
			children = (
				B40855C027D5CE69003871A2 /* RxSwift-MVVM-TableViewSample.app */,
				B40855D627D5CE6E003871A2 /* RxSwift-MVVM-TableViewSampleTests.xctest */,
				B40855E027D5CE6E003871A2 /* RxSwift-MVVM-TableViewSampleUITests.xctest */,
			);
			name = Products;
			sourceTree = "<group>";
		};
		B40855C227D5CE69003871A2 /* RxSwift-MVVM-TableViewSample */ = {
			isa = PBXGroup;
			children = (
				B40855F527D5D01C003871A2 /* ViewModel */,
				B40855F427D5D00F003871A2 /* View */,
				B40855F327D5D007003871A2 /* Model */,
				B40855C327D5CE69003871A2 /* AppDelegate.swift */,
				B40855C527D5CE69003871A2 /* SceneDelegate.swift */,
				B40855C727D5CE69003871A2 /* ViewController.swift */,
				B40855CC27D5CE6D003871A2 /* Assets.xcassets */,
				B40855CE27D5CE6D003871A2 /* LaunchScreen.storyboard */,
				B40855D127D5CE6D003871A2 /* Info.plist */,
			);
			path = "RxSwift-MVVM-TableViewSample";
			sourceTree = "<group>";
		};
		B40855D927D5CE6E003871A2 /* RxSwift-MVVM-TableViewSampleTests */ = {
			isa = PBXGroup;
			children = (
				B40855DA27D5CE6E003871A2 /* RxSwift_MVVM_TableViewSampleTests.swift */,
			);
			path = "RxSwift-MVVM-TableViewSampleTests";
			sourceTree = "<group>";
		};
		B40855E327D5CE6E003871A2 /* RxSwift-MVVM-TableViewSampleUITests */ = {
			isa = PBXGroup;
			children = (
				B40855E427D5CE6E003871A2 /* RxSwift_MVVM_TableViewSampleUITests.swift */,
				B40855E627D5CE6E003871A2 /* RxSwift_MVVM_TableViewSampleUITestsLaunchTests.swift */,
			);
			path = "RxSwift-MVVM-TableViewSampleUITests";
			sourceTree = "<group>";
		};
		B40855F327D5D007003871A2 /* Model */ = {
			isa = PBXGroup;
			children = (
				B40855F627D5D02D003871A2 /* QiitaArticleModel.swift */,
			);
			path = Model;
			sourceTree = "<group>";
		};
		B40855F427D5D00F003871A2 /* View */ = {
			isa = PBXGroup;
			children = (
				B40855FA27D5D0E6003871A2 /* QiitaArticleCell.swift */,
				B40855FC27D5D125003871A2 /* QiitaArticleViewController.swift */,
				B40855C927D5CE69003871A2 /* Main.storyboard */,
				B408560027D5D1A0003871A2 /* QiitaArticleCell.xib */,
			);
			path = View;
			sourceTree = "<group>";
		};
		B40855F527D5D01C003871A2 /* ViewModel */ = {
			isa = PBXGroup;
			children = (
				B40855F827D5D056003871A2 /* QiitaArticleViewModel.swift */,
			);
			path = ViewModel;
			sourceTree = "<group>";
		};
		E4FCF2AB7A937E7CDBFC1742 /* Frameworks */ = {
			isa = PBXGroup;
			children = (
				6DDEC55BB1674886B5FAD6D6 /* Pods_RxSwift_MVVM_TableViewSample.framework */,
				BE888183731FAB73F0BCBA1A /* Pods_RxSwift_MVVM_TableViewSample_RxSwift_MVVM_TableViewSampleUITests.framework */,
				0AB045A1FB3AD90D27C105CC /* Pods_RxSwift_MVVM_TableViewSampleTests.framework */,
			);
			name = Frameworks;
			sourceTree = "<group>";
		};
/* End PBXGroup section */

/* Begin PBXNativeTarget section */
		B40855BF27D5CE69003871A2 /* RxSwift-MVVM-TableViewSample */ = {
			isa = PBXNativeTarget;
			buildConfigurationList = B40855EA27D5CE6E003871A2 /* Build configuration list for PBXNativeTarget "RxSwift-MVVM-TableViewSample" */;
			buildPhases = (
				401FEADC98604B49A76DA7FA /* [CP] Check Pods Manifest.lock */,
				B40855BC27D5CE69003871A2 /* Sources */,
				B40855BD27D5CE69003871A2 /* Frameworks */,
				B40855BE27D5CE69003871A2 /* Resources */,
				2FCB941FFA0D8E63A6E986F3 /* [CP] Embed Pods Frameworks */,
			);
			buildRules = (
			);
			dependencies = (
			);
			name = "RxSwift-MVVM-TableViewSample";
			productName = "RxSwift-MVVM-TableViewSample";
			productReference = B40855C027D5CE69003871A2 /* RxSwift-MVVM-TableViewSample.app */;
			productType = "com.apple.product-type.application";
		};
		B40855D527D5CE6E003871A2 /* RxSwift-MVVM-TableViewSampleTests */ = {
			isa = PBXNativeTarget;
			buildConfigurationList = B40855ED27D5CE6E003871A2 /* Build configuration list for PBXNativeTarget "RxSwift-MVVM-TableViewSampleTests" */;
			buildPhases = (
				C4EEC50B03853C42F02CE971 /* [CP] Check Pods Manifest.lock */,
				B40855D227D5CE6E003871A2 /* Sources */,
				B40855D327D5CE6E003871A2 /* Frameworks */,
				B40855D427D5CE6E003871A2 /* Resources */,
			);
			buildRules = (
			);
			dependencies = (
				B40855D827D5CE6E003871A2 /* PBXTargetDependency */,
			);
			name = "RxSwift-MVVM-TableViewSampleTests";
			productName = "RxSwift-MVVM-TableViewSampleTests";
			productReference = B40855D627D5CE6E003871A2 /* RxSwift-MVVM-TableViewSampleTests.xctest */;
			productType = "com.apple.product-type.bundle.unit-test";
		};
		B40855DF27D5CE6E003871A2 /* RxSwift-MVVM-TableViewSampleUITests */ = {
			isa = PBXNativeTarget;
			buildConfigurationList = B40855F027D5CE6E003871A2 /* Build configuration list for PBXNativeTarget "RxSwift-MVVM-TableViewSampleUITests" */;
			buildPhases = (
				A1ECBF982A2367C83851AEF2 /* [CP] Check Pods Manifest.lock */,
				B40855DC27D5CE6E003871A2 /* Sources */,
				B40855DD27D5CE6E003871A2 /* Frameworks */,
				B40855DE27D5CE6E003871A2 /* Resources */,
				4C9632A3F4EA4BE249255763 /* [CP] Embed Pods Frameworks */,
			);
			buildRules = (
			);
			dependencies = (
				B40855E227D5CE6E003871A2 /* PBXTargetDependency */,
			);
			name = "RxSwift-MVVM-TableViewSampleUITests";
			productName = "RxSwift-MVVM-TableViewSampleUITests";
			productReference = B40855E027D5CE6E003871A2 /* RxSwift-MVVM-TableViewSampleUITests.xctest */;
			productType = "com.apple.product-type.bundle.ui-testing";
		};
/* End PBXNativeTarget section */

/* Begin PBXProject section */
		B40855B827D5CE68003871A2 /* Project object */ = {
			isa = PBXProject;
			attributes = {
				BuildIndependentTargetsInParallel = 1;
				LastSwiftUpdateCheck = 1320;
				LastUpgradeCheck = 1320;
				TargetAttributes = {
					B40855BF27D5CE69003871A2 = {
						CreatedOnToolsVersion = 13.2.1;
					};
					B40855D527D5CE6E003871A2 = {
						CreatedOnToolsVersion = 13.2.1;
						TestTargetID = B40855BF27D5CE69003871A2;
					};
					B40855DF27D5CE6E003871A2 = {
						CreatedOnToolsVersion = 13.2.1;
						TestTargetID = B40855BF27D5CE69003871A2;
					};
				};
			};
			buildConfigurationList = B40855BB27D5CE68003871A2 /* Build configuration list for PBXProject "RxSwift-MVVM-TableViewSample" */;
			compatibilityVersion = "Xcode 13.0";
			developmentRegion = en;
			hasScannedForEncodings = 0;
			knownRegions = (
				en,
				Base,
			);
			mainGroup = B40855B727D5CE68003871A2;
			productRefGroup = B40855C127D5CE69003871A2 /* Products */;
			projectDirPath = "";
			projectRoot = "";
			targets = (
				B40855BF27D5CE69003871A2 /* RxSwift-MVVM-TableViewSample */,
				B40855D527D5CE6E003871A2 /* RxSwift-MVVM-TableViewSampleTests */,
				B40855DF27D5CE6E003871A2 /* RxSwift-MVVM-TableViewSampleUITests */,
			);
		};
/* End PBXProject section */

/* Begin PBXResourcesBuildPhase section */
		B40855BE27D5CE69003871A2 /* Resources */ = {
			isa = PBXResourcesBuildPhase;
			buildActionMask = 2147483647;
			files = (
				B40855D027D5CE6D003871A2 /* LaunchScreen.storyboard in Resources */,
				B408560127D5D1A0003871A2 /* QiitaArticleCell.xib in Resources */,
				B40855CD27D5CE6D003871A2 /* Assets.xcassets in Resources */,
				B40855CB27D5CE69003871A2 /* Main.storyboard in Resources */,
			);
			runOnlyForDeploymentPostprocessing = 0;
		};
		B40855D427D5CE6E003871A2 /* Resources */ = {
			isa = PBXResourcesBuildPhase;
			buildActionMask = 2147483647;
			files = (
			);
			runOnlyForDeploymentPostprocessing = 0;
		};
		B40855DE27D5CE6E003871A2 /* Resources */ = {
			isa = PBXResourcesBuildPhase;
			buildActionMask = 2147483647;
			files = (
			);
			runOnlyForDeploymentPostprocessing = 0;
		};
/* End PBXResourcesBuildPhase section */

/* Begin PBXShellScriptBuildPhase section */
		2FCB941FFA0D8E63A6E986F3 /* [CP] Embed Pods Frameworks */ = {
			isa = PBXShellScriptBuildPhase;
			buildActionMask = 2147483647;
			files = (
			);
			inputFileListPaths = (
				"${PODS_ROOT}/Target Support Files/Pods-RxSwift-MVVM-TableViewSample/Pods-RxSwift-MVVM-TableViewSample-frameworks-${CONFIGURATION}-input-files.xcfilelist",
			);
			name = "[CP] Embed Pods Frameworks";
			outputFileListPaths = (
				"${PODS_ROOT}/Target Support Files/Pods-RxSwift-MVVM-TableViewSample/Pods-RxSwift-MVVM-TableViewSample-frameworks-${CONFIGURATION}-output-files.xcfilelist",
			);
			runOnlyForDeploymentPostprocessing = 0;
			shellPath = /bin/sh;
			shellScript = "\"${PODS_ROOT}/Target Support Files/Pods-RxSwift-MVVM-TableViewSample/Pods-RxSwift-MVVM-TableViewSample-frameworks.sh\"\n";
			showEnvVarsInLog = 0;
		};
		401FEADC98604B49A76DA7FA /* [CP] Check Pods Manifest.lock */ = {
			isa = PBXShellScriptBuildPhase;
			buildActionMask = 2147483647;
			files = (
			);
			inputFileListPaths = (
			);
			inputPaths = (
				"${PODS_PODFILE_DIR_PATH}/Podfile.lock",
				"${PODS_ROOT}/Manifest.lock",
			);
			name = "[CP] Check Pods Manifest.lock";
			outputFileListPaths = (
			);
			outputPaths = (
				"$(DERIVED_FILE_DIR)/Pods-RxSwift-MVVM-TableViewSample-checkManifestLockResult.txt",
			);
			runOnlyForDeploymentPostprocessing = 0;
			shellPath = /bin/sh;
			shellScript = "diff \"${PODS_PODFILE_DIR_PATH}/Podfile.lock\" \"${PODS_ROOT}/Manifest.lock\" > /dev/null\nif [ $? != 0 ] ; then\n    # print error to STDERR\n    echo \"error: The sandbox is not in sync with the Podfile.lock. Run 'pod install' or update your CocoaPods installation.\" >&2\n    exit 1\nfi\n# This output is used by Xcode 'outputs' to avoid re-running this script phase.\necho \"SUCCESS\" > \"${SCRIPT_OUTPUT_FILE_0}\"\n";
			showEnvVarsInLog = 0;
		};
		4C9632A3F4EA4BE249255763 /* [CP] Embed Pods Frameworks */ = {
			isa = PBXShellScriptBuildPhase;
			buildActionMask = 2147483647;
			files = (
			);
			inputFileListPaths = (
				"${PODS_ROOT}/Target Support Files/Pods-RxSwift-MVVM-TableViewSample-RxSwift-MVVM-TableViewSampleUITests/Pods-RxSwift-MVVM-TableViewSample-RxSwift-MVVM-TableViewSampleUITests-frameworks-${CONFIGURATION}-input-files.xcfilelist",
			);
			name = "[CP] Embed Pods Frameworks";
			outputFileListPaths = (
				"${PODS_ROOT}/Target Support Files/Pods-RxSwift-MVVM-TableViewSample-RxSwift-MVVM-TableViewSampleUITests/Pods-RxSwift-MVVM-TableViewSample-RxSwift-MVVM-TableViewSampleUITests-frameworks-${CONFIGURATION}-output-files.xcfilelist",
			);
			runOnlyForDeploymentPostprocessing = 0;
			shellPath = /bin/sh;
			shellScript = "\"${PODS_ROOT}/Target Support Files/Pods-RxSwift-MVVM-TableViewSample-RxSwift-MVVM-TableViewSampleUITests/Pods-RxSwift-MVVM-TableViewSample-RxSwift-MVVM-TableViewSampleUITests-frameworks.sh\"\n";
			showEnvVarsInLog = 0;
		};
		A1ECBF982A2367C83851AEF2 /* [CP] Check Pods Manifest.lock */ = {
			isa = PBXShellScriptBuildPhase;
			buildActionMask = 2147483647;
			files = (
			);
			inputFileListPaths = (
			);
			inputPaths = (
				"${PODS_PODFILE_DIR_PATH}/Podfile.lock",
				"${PODS_ROOT}/Manifest.lock",
			);
			name = "[CP] Check Pods Manifest.lock";
			outputFileListPaths = (
			);
			outputPaths = (
				"$(DERIVED_FILE_DIR)/Pods-RxSwift-MVVM-TableViewSample-RxSwift-MVVM-TableViewSampleUITests-checkManifestLockResult.txt",
			);
			runOnlyForDeploymentPostprocessing = 0;
			shellPath = /bin/sh;
			shellScript = "diff \"${PODS_PODFILE_DIR_PATH}/Podfile.lock\" \"${PODS_ROOT}/Manifest.lock\" > /dev/null\nif [ $? != 0 ] ; then\n    # print error to STDERR\n    echo \"error: The sandbox is not in sync with the Podfile.lock. Run 'pod install' or update your CocoaPods installation.\" >&2\n    exit 1\nfi\n# This output is used by Xcode 'outputs' to avoid re-running this script phase.\necho \"SUCCESS\" > \"${SCRIPT_OUTPUT_FILE_0}\"\n";
			showEnvVarsInLog = 0;
		};
		C4EEC50B03853C42F02CE971 /* [CP] Check Pods Manifest.lock */ = {
			isa = PBXShellScriptBuildPhase;
			buildActionMask = 2147483647;
			files = (
			);
			inputFileListPaths = (
			);
			inputPaths = (
				"${PODS_PODFILE_DIR_PATH}/Podfile.lock",
				"${PODS_ROOT}/Manifest.lock",
			);
			name = "[CP] Check Pods Manifest.lock";
			outputFileListPaths = (
			);
			outputPaths = (
				"$(DERIVED_FILE_DIR)/Pods-RxSwift-MVVM-TableViewSampleTests-checkManifestLockResult.txt",
			);
			runOnlyForDeploymentPostprocessing = 0;
			shellPath = /bin/sh;
			shellScript = "diff \"${PODS_PODFILE_DIR_PATH}/Podfile.lock\" \"${PODS_ROOT}/Manifest.lock\" > /dev/null\nif [ $? != 0 ] ; then\n    # print error to STDERR\n    echo \"error: The sandbox is not in sync with the Podfile.lock. Run 'pod install' or update your CocoaPods installation.\" >&2\n    exit 1\nfi\n# This output is used by Xcode 'outputs' to avoid re-running this script phase.\necho \"SUCCESS\" > \"${SCRIPT_OUTPUT_FILE_0}\"\n";
			showEnvVarsInLog = 0;
		};
/* End PBXShellScriptBuildPhase section */

/* Begin PBXSourcesBuildPhase section */
		B40855BC27D5CE69003871A2 /* Sources */ = {
			isa = PBXSourcesBuildPhase;
			buildActionMask = 2147483647;
			files = (
				B40855C827D5CE69003871A2 /* ViewController.swift in Sources */,
				B40855FD27D5D125003871A2 /* QiitaArticleViewController.swift in Sources */,
				B40855C427D5CE69003871A2 /* AppDelegate.swift in Sources */,
				B40855C627D5CE69003871A2 /* SceneDelegate.swift in Sources */,
				B40855FB27D5D0E6003871A2 /* QiitaArticleCell.swift in Sources */,
				B40855F727D5D02D003871A2 /* QiitaArticleModel.swift in Sources */,
				B40855F927D5D056003871A2 /* QiitaArticleViewModel.swift in Sources */,
			);
			runOnlyForDeploymentPostprocessing = 0;
		};
		B40855D227D5CE6E003871A2 /* Sources */ = {
			isa = PBXSourcesBuildPhase;
			buildActionMask = 2147483647;
			files = (
				B40855DB27D5CE6E003871A2 /* RxSwift_MVVM_TableViewSampleTests.swift in Sources */,
			);
			runOnlyForDeploymentPostprocessing = 0;
		};
		B40855DC27D5CE6E003871A2 /* Sources */ = {
			isa = PBXSourcesBuildPhase;
			buildActionMask = 2147483647;
			files = (
				B40855E727D5CE6E003871A2 /* RxSwift_MVVM_TableViewSampleUITestsLaunchTests.swift in Sources */,
				B40855E527D5CE6E003871A2 /* RxSwift_MVVM_TableViewSampleUITests.swift in Sources */,
			);
			runOnlyForDeploymentPostprocessing = 0;
		};
/* End PBXSourcesBuildPhase section */

/* Begin PBXTargetDependency section */
		B40855D827D5CE6E003871A2 /* PBXTargetDependency */ = {
			isa = PBXTargetDependency;
			target = B40855BF27D5CE69003871A2 /* RxSwift-MVVM-TableViewSample */;
			targetProxy = B40855D727D5CE6E003871A2 /* PBXContainerItemProxy */;
		};
		B40855E227D5CE6E003871A2 /* PBXTargetDependency */ = {
			isa = PBXTargetDependency;
			target = B40855BF27D5CE69003871A2 /* RxSwift-MVVM-TableViewSample */;
			targetProxy = B40855E127D5CE6E003871A2 /* PBXContainerItemProxy */;
		};
/* End PBXTargetDependency section */

/* Begin PBXVariantGroup section */
		B40855C927D5CE69003871A2 /* Main.storyboard */ = {
			isa = PBXVariantGroup;
			children = (
				B40855CA27D5CE69003871A2 /* Base */,
			);
			name = Main.storyboard;
			sourceTree = "<group>";
		};
		B40855CE27D5CE6D003871A2 /* LaunchScreen.storyboard */ = {
			isa = PBXVariantGroup;
			children = (
				B40855CF27D5CE6D003871A2 /* Base */,
			);
			name = LaunchScreen.storyboard;
			sourceTree = "<group>";
		};
/* End PBXVariantGroup section */

/* Begin XCBuildConfiguration section */
		B40855E827D5CE6E003871A2 /* Debug */ = {
			isa = XCBuildConfiguration;
			buildSettings = {
				ALWAYS_SEARCH_USER_PATHS = NO;
				CLANG_ANALYZER_NONNULL = YES;
				CLANG_ANALYZER_NUMBER_OBJECT_CONVERSION = YES_AGGRESSIVE;
				CLANG_CXX_LANGUAGE_STANDARD = "gnu++17";
				CLANG_CXX_LIBRARY = "libc++";
				CLANG_ENABLE_MODULES = YES;
				CLANG_ENABLE_OBJC_ARC = YES;
				CLANG_ENABLE_OBJC_WEAK = YES;
				CLANG_WARN_BLOCK_CAPTURE_AUTORELEASING = YES;
				CLANG_WARN_BOOL_CONVERSION = YES;
				CLANG_WARN_COMMA = YES;
				CLANG_WARN_CONSTANT_CONVERSION = YES;
				CLANG_WARN_DEPRECATED_OBJC_IMPLEMENTATIONS = YES;
				CLANG_WARN_DIRECT_OBJC_ISA_USAGE = YES_ERROR;
				CLANG_WARN_DOCUMENTATION_COMMENTS = YES;
				CLANG_WARN_EMPTY_BODY = YES;
				CLANG_WARN_ENUM_CONVERSION = YES;
				CLANG_WARN_INFINITE_RECURSION = YES;
				CLANG_WARN_INT_CONVERSION = YES;
				CLANG_WARN_NON_LITERAL_NULL_CONVERSION = YES;
				CLANG_WARN_OBJC_IMPLICIT_RETAIN_SELF = YES;
				CLANG_WARN_OBJC_LITERAL_CONVERSION = YES;
				CLANG_WARN_OBJC_ROOT_CLASS = YES_ERROR;
				CLANG_WARN_QUOTED_INCLUDE_IN_FRAMEWORK_HEADER = YES;
				CLANG_WARN_RANGE_LOOP_ANALYSIS = YES;
				CLANG_WARN_STRICT_PROTOTYPES = YES;
				CLANG_WARN_SUSPICIOUS_MOVE = YES;
				CLANG_WARN_UNGUARDED_AVAILABILITY = YES_AGGRESSIVE;
				CLANG_WARN_UNREACHABLE_CODE = YES;
				CLANG_WARN__DUPLICATE_METHOD_MATCH = YES;
				COPY_PHASE_STRIP = NO;
				DEBUG_INFORMATION_FORMAT = dwarf;
				ENABLE_STRICT_OBJC_MSGSEND = YES;
				ENABLE_TESTABILITY = YES;
				GCC_C_LANGUAGE_STANDARD = gnu11;
				GCC_DYNAMIC_NO_PIC = NO;
				GCC_NO_COMMON_BLOCKS = YES;
				GCC_OPTIMIZATION_LEVEL = 0;
				GCC_PREPROCESSOR_DEFINITIONS = (
					"DEBUG=1",
					"$(inherited)",
				);
				GCC_WARN_64_TO_32_BIT_CONVERSION = YES;
				GCC_WARN_ABOUT_RETURN_TYPE = YES_ERROR;
				GCC_WARN_UNDECLARED_SELECTOR = YES;
				GCC_WARN_UNINITIALIZED_AUTOS = YES_AGGRESSIVE;
				GCC_WARN_UNUSED_FUNCTION = YES;
				GCC_WARN_UNUSED_VARIABLE = YES;
				IPHONEOS_DEPLOYMENT_TARGET = 15.2;
				MTL_ENABLE_DEBUG_INFO = INCLUDE_SOURCE;
				MTL_FAST_MATH = YES;
				ONLY_ACTIVE_ARCH = YES;
				SDKROOT = iphoneos;
				SWIFT_ACTIVE_COMPILATION_CONDITIONS = DEBUG;
				SWIFT_OPTIMIZATION_LEVEL = "-Onone";
			};
			name = Debug;
		};
		B40855E927D5CE6E003871A2 /* Release */ = {
			isa = XCBuildConfiguration;
			buildSettings = {
				ALWAYS_SEARCH_USER_PATHS = NO;
				CLANG_ANALYZER_NONNULL = YES;
				CLANG_ANALYZER_NUMBER_OBJECT_CONVERSION = YES_AGGRESSIVE;
				CLANG_CXX_LANGUAGE_STANDARD = "gnu++17";
				CLANG_CXX_LIBRARY = "libc++";
				CLANG_ENABLE_MODULES = YES;
				CLANG_ENABLE_OBJC_ARC = YES;
				CLANG_ENABLE_OBJC_WEAK = YES;
				CLANG_WARN_BLOCK_CAPTURE_AUTORELEASING = YES;
				CLANG_WARN_BOOL_CONVERSION = YES;
				CLANG_WARN_COMMA = YES;
				CLANG_WARN_CONSTANT_CONVERSION = YES;
				CLANG_WARN_DEPRECATED_OBJC_IMPLEMENTATIONS = YES;
				CLANG_WARN_DIRECT_OBJC_ISA_USAGE = YES_ERROR;
				CLANG_WARN_DOCUMENTATION_COMMENTS = YES;
				CLANG_WARN_EMPTY_BODY = YES;
				CLANG_WARN_ENUM_CONVERSION = YES;
				CLANG_WARN_INFINITE_RECURSION = YES;
				CLANG_WARN_INT_CONVERSION = YES;
				CLANG_WARN_NON_LITERAL_NULL_CONVERSION = YES;
				CLANG_WARN_OBJC_IMPLICIT_RETAIN_SELF = YES;
				CLANG_WARN_OBJC_LITERAL_CONVERSION = YES;
				CLANG_WARN_OBJC_ROOT_CLASS = YES_ERROR;
				CLANG_WARN_QUOTED_INCLUDE_IN_FRAMEWORK_HEADER = YES;
				CLANG_WARN_RANGE_LOOP_ANALYSIS = YES;
				CLANG_WARN_STRICT_PROTOTYPES = YES;
				CLANG_WARN_SUSPICIOUS_MOVE = YES;
				CLANG_WARN_UNGUARDED_AVAILABILITY = YES_AGGRESSIVE;
				CLANG_WARN_UNREACHABLE_CODE = YES;
				CLANG_WARN__DUPLICATE_METHOD_MATCH = YES;
				COPY_PHASE_STRIP = NO;
				DEBUG_INFORMATION_FORMAT = "dwarf-with-dsym";
				ENABLE_NS_ASSERTIONS = NO;
				ENABLE_STRICT_OBJC_MSGSEND = YES;
				GCC_C_LANGUAGE_STANDARD = gnu11;
				GCC_NO_COMMON_BLOCKS = YES;
				GCC_WARN_64_TO_32_BIT_CONVERSION = YES;
				GCC_WARN_ABOUT_RETURN_TYPE = YES_ERROR;
				GCC_WARN_UNDECLARED_SELECTOR = YES;
				GCC_WARN_UNINITIALIZED_AUTOS = YES_AGGRESSIVE;
				GCC_WARN_UNUSED_FUNCTION = YES;
				GCC_WARN_UNUSED_VARIABLE = YES;
				IPHONEOS_DEPLOYMENT_TARGET = 15.2;
				MTL_ENABLE_DEBUG_INFO = NO;
				MTL_FAST_MATH = YES;
				SDKROOT = iphoneos;
				SWIFT_COMPILATION_MODE = wholemodule;
				SWIFT_OPTIMIZATION_LEVEL = "-O";
				VALIDATE_PRODUCT = YES;
			};
			name = Release;
		};
		B40855EB27D5CE6E003871A2 /* Debug */ = {
			isa = XCBuildConfiguration;
			baseConfigurationReference = E7B0638AF02BAE9697B2B12A /* Pods-RxSwift-MVVM-TableViewSample.debug.xcconfig */;
			buildSettings = {
				ASSETCATALOG_COMPILER_APPICON_NAME = AppIcon;
				ASSETCATALOG_COMPILER_GLOBAL_ACCENT_COLOR_NAME = AccentColor;
				CODE_SIGN_STYLE = Automatic;
				CURRENT_PROJECT_VERSION = 1;
				GENERATE_INFOPLIST_FILE = YES;
				INFOPLIST_FILE = "RxSwift-MVVM-TableViewSample/Info.plist";
				INFOPLIST_KEY_UIApplicationSupportsIndirectInputEvents = YES;
				INFOPLIST_KEY_UILaunchStoryboardName = LaunchScreen;
				INFOPLIST_KEY_UIMainStoryboardFile = Main;
				INFOPLIST_KEY_UISupportedInterfaceOrientations_iPad = "UIInterfaceOrientationPortrait UIInterfaceOrientationPortraitUpsideDown UIInterfaceOrientationLandscapeLeft UIInterfaceOrientationLandscapeRight";
				INFOPLIST_KEY_UISupportedInterfaceOrientations_iPhone = "UIInterfaceOrientationPortrait UIInterfaceOrientationLandscapeLeft UIInterfaceOrientationLandscapeRight";
				LD_RUNPATH_SEARCH_PATHS = (
					"$(inherited)",
					"@executable_path/Frameworks",
				);
				MARKETING_VERSION = 1.0;
				PRODUCT_BUNDLE_IDENTIFIER = "swift-tk.RxSwift-MVVM-TableViewSample";
				PRODUCT_NAME = "$(TARGET_NAME)";
				SWIFT_EMIT_LOC_STRINGS = YES;
				SWIFT_VERSION = 5.0;
				TARGETED_DEVICE_FAMILY = "1,2";
			};
			name = Debug;
		};
		B40855EC27D5CE6E003871A2 /* Release */ = {
			isa = XCBuildConfiguration;
			baseConfigurationReference = 5031D8574B79E8CA64E962B2 /* Pods-RxSwift-MVVM-TableViewSample.release.xcconfig */;
			buildSettings = {
				ASSETCATALOG_COMPILER_APPICON_NAME = AppIcon;
				ASSETCATALOG_COMPILER_GLOBAL_ACCENT_COLOR_NAME = AccentColor;
				CODE_SIGN_STYLE = Automatic;
				CURRENT_PROJECT_VERSION = 1;
				GENERATE_INFOPLIST_FILE = YES;
				INFOPLIST_FILE = "RxSwift-MVVM-TableViewSample/Info.plist";
				INFOPLIST_KEY_UIApplicationSupportsIndirectInputEvents = YES;
				INFOPLIST_KEY_UILaunchStoryboardName = LaunchScreen;
				INFOPLIST_KEY_UIMainStoryboardFile = Main;
				INFOPLIST_KEY_UISupportedInterfaceOrientations_iPad = "UIInterfaceOrientationPortrait UIInterfaceOrientationPortraitUpsideDown UIInterfaceOrientationLandscapeLeft UIInterfaceOrientationLandscapeRight";
				INFOPLIST_KEY_UISupportedInterfaceOrientations_iPhone = "UIInterfaceOrientationPortrait UIInterfaceOrientationLandscapeLeft UIInterfaceOrientationLandscapeRight";
				LD_RUNPATH_SEARCH_PATHS = (
					"$(inherited)",
					"@executable_path/Frameworks",
				);
				MARKETING_VERSION = 1.0;
				PRODUCT_BUNDLE_IDENTIFIER = "swift-tk.RxSwift-MVVM-TableViewSample";
				PRODUCT_NAME = "$(TARGET_NAME)";
				SWIFT_EMIT_LOC_STRINGS = YES;
				SWIFT_VERSION = 5.0;
				TARGETED_DEVICE_FAMILY = "1,2";
			};
			name = Release;
		};
		B40855EE27D5CE6E003871A2 /* Debug */ = {
			isa = XCBuildConfiguration;
			baseConfigurationReference = F384782E64890B1DEC53A5A0 /* Pods-RxSwift-MVVM-TableViewSampleTests.debug.xcconfig */;
			buildSettings = {
				ALWAYS_EMBED_SWIFT_STANDARD_LIBRARIES = YES;
				BUNDLE_LOADER = "$(TEST_HOST)";
				CODE_SIGN_STYLE = Automatic;
				CURRENT_PROJECT_VERSION = 1;
				GENERATE_INFOPLIST_FILE = YES;
				IPHONEOS_DEPLOYMENT_TARGET = 15.2;
				MARKETING_VERSION = 1.0;
				PRODUCT_BUNDLE_IDENTIFIER = "swift-tk.RxSwift-MVVM-TableViewSampleTests";
				PRODUCT_NAME = "$(TARGET_NAME)";
				SWIFT_EMIT_LOC_STRINGS = NO;
				SWIFT_VERSION = 5.0;
				TARGETED_DEVICE_FAMILY = "1,2";
				TEST_HOST = "$(BUILT_PRODUCTS_DIR)/RxSwift-MVVM-TableViewSample.app/RxSwift-MVVM-TableViewSample";
			};
			name = Debug;
		};
		B40855EF27D5CE6E003871A2 /* Release */ = {
			isa = XCBuildConfiguration;
			baseConfigurationReference = 2F6B954375673A4EF7B8D55C /* Pods-RxSwift-MVVM-TableViewSampleTests.release.xcconfig */;
			buildSettings = {
				ALWAYS_EMBED_SWIFT_STANDARD_LIBRARIES = YES;
				BUNDLE_LOADER = "$(TEST_HOST)";
				CODE_SIGN_STYLE = Automatic;
				CURRENT_PROJECT_VERSION = 1;
				GENERATE_INFOPLIST_FILE = YES;
				IPHONEOS_DEPLOYMENT_TARGET = 15.2;
				MARKETING_VERSION = 1.0;
				PRODUCT_BUNDLE_IDENTIFIER = "swift-tk.RxSwift-MVVM-TableViewSampleTests";
				PRODUCT_NAME = "$(TARGET_NAME)";
				SWIFT_EMIT_LOC_STRINGS = NO;
				SWIFT_VERSION = 5.0;
				TARGETED_DEVICE_FAMILY = "1,2";
				TEST_HOST = "$(BUILT_PRODUCTS_DIR)/RxSwift-MVVM-TableViewSample.app/RxSwift-MVVM-TableViewSample";
			};
			name = Release;
		};
		B40855F127D5CE6E003871A2 /* Debug */ = {
			isa = XCBuildConfiguration;
			baseConfigurationReference = 98BE01C19892C65432FD6E2F /* Pods-RxSwift-MVVM-TableViewSample-RxSwift-MVVM-TableViewSampleUITests.debug.xcconfig */;
			buildSettings = {
				ALWAYS_EMBED_SWIFT_STANDARD_LIBRARIES = YES;
				CODE_SIGN_STYLE = Automatic;
				CURRENT_PROJECT_VERSION = 1;
				GENERATE_INFOPLIST_FILE = YES;
				MARKETING_VERSION = 1.0;
				PRODUCT_BUNDLE_IDENTIFIER = "swift-tk.RxSwift-MVVM-TableViewSampleUITests";
				PRODUCT_NAME = "$(TARGET_NAME)";
				SWIFT_EMIT_LOC_STRINGS = NO;
				SWIFT_VERSION = 5.0;
				TARGETED_DEVICE_FAMILY = "1,2";
				TEST_TARGET_NAME = "RxSwift-MVVM-TableViewSample";
			};
			name = Debug;
		};
		B40855F227D5CE6E003871A2 /* Release */ = {
			isa = XCBuildConfiguration;
			baseConfigurationReference = 2412486E55651200B687406F /* Pods-RxSwift-MVVM-TableViewSample-RxSwift-MVVM-TableViewSampleUITests.release.xcconfig */;
			buildSettings = {
				ALWAYS_EMBED_SWIFT_STANDARD_LIBRARIES = YES;
				CODE_SIGN_STYLE = Automatic;
				CURRENT_PROJECT_VERSION = 1;
				GENERATE_INFOPLIST_FILE = YES;
				MARKETING_VERSION = 1.0;
				PRODUCT_BUNDLE_IDENTIFIER = "swift-tk.RxSwift-MVVM-TableViewSampleUITests";
				PRODUCT_NAME = "$(TARGET_NAME)";
				SWIFT_EMIT_LOC_STRINGS = NO;
				SWIFT_VERSION = 5.0;
				TARGETED_DEVICE_FAMILY = "1,2";
				TEST_TARGET_NAME = "RxSwift-MVVM-TableViewSample";
			};
			name = Release;
		};
/* End XCBuildConfiguration section */

/* Begin XCConfigurationList section */
		B40855BB27D5CE68003871A2 /* Build configuration list for PBXProject "RxSwift-MVVM-TableViewSample" */ = {
			isa = XCConfigurationList;
			buildConfigurations = (
				B40855E827D5CE6E003871A2 /* Debug */,
				B40855E927D5CE6E003871A2 /* Release */,
			);
			defaultConfigurationIsVisible = 0;
			defaultConfigurationName = Release;
		};
		B40855EA27D5CE6E003871A2 /* Build configuration list for PBXNativeTarget "RxSwift-MVVM-TableViewSample" */ = {
			isa = XCConfigurationList;
			buildConfigurations = (
				B40855EB27D5CE6E003871A2 /* Debug */,
				B40855EC27D5CE6E003871A2 /* Release */,
			);
			defaultConfigurationIsVisible = 0;
			defaultConfigurationName = Release;
		};
		B40855ED27D5CE6E003871A2 /* Build configuration list for PBXNativeTarget "RxSwift-MVVM-TableViewSampleTests" */ = {
			isa = XCConfigurationList;
			buildConfigurations = (
				B40855EE27D5CE6E003871A2 /* Debug */,
				B40855EF27D5CE6E003871A2 /* Release */,
			);
			defaultConfigurationIsVisible = 0;
			defaultConfigurationName = Release;
		};
		B40855F027D5CE6E003871A2 /* Build configuration list for PBXNativeTarget "RxSwift-MVVM-TableViewSampleUITests" */ = {
			isa = XCConfigurationList;
			buildConfigurations = (
				B40855F127D5CE6E003871A2 /* Debug */,
				B40855F227D5CE6E003871A2 /* Release */,
			);
			defaultConfigurationIsVisible = 0;
			defaultConfigurationName = Release;
		};
/* End XCConfigurationList section */
	};
	rootObject = B40855B827D5CE68003871A2 /* Project object */;
}
